[
  {
    "schema": null,
    "table": "versions",
    "constraints": [
      {
        "column_name": "version",
        "constraint_type": "PRIMARY KEY"
      }
    ],
    "columns": [
      {
        "cid": 0,
        "name": "version",
        "type": "INTEGER",
        "notnull": 0,
        "dflt_value": null,
        "pk": 1,
        "hidden": 0,
        "column_name": "version",
        "udt_name": "integer",
        "is_nullable": "NO",
        "is_generated": "NO"
      },
      {
        "cid": 1,
        "name": "name",
        "type": "TEXT",
        "notnull": 0,
        "dflt_value": null,
        "pk": 0,
        "hidden": 0,
        "column_name": "name",
        "udt_name": "text",
        "is_nullable": "YES",
        "is_generated": "NO"
      },
      {
        "cid": 2,
        "name": "md5",
        "type": "TEXT",
        "notnull": 0,
        "dflt_value": null,
        "pk": 0,
        "hidden": 0,
        "column_name": "md5",
        "udt_name": "text",
        "is_nullable": "YES",
        "is_generated": "NO"
      },
      {
        "cid": 3,
        "name": "run_at",
        "type": "TIMESTAMP WITH TIME ZONE",
        "notnull": 0,
        "dflt_value": null,
        "pk": 0,
        "hidden": 0,
        "column_name": "run_at",
        "udt_name": "timestamp with time zone",
        "is_nullable": "YES",
        "is_generated": "NO"
      }
    ]
  },
  {
    "schema": null,
    "table": "file",
    "constraints": [
      {
        "column_name": "id",
        "constraint_type": "PRIMARY KEY"
      }
    ],
    "columns": [
      {
        "cid": 0,
        "name": "id",
        "type": "INTEGER",
        "notnull": 1,
        "dflt_value": null,
        "pk": 1,
        "hidden": 0,
        "column_name": "id",
        "udt_name": "integer",
        "is_nullable": "NO",
        "is_generated": "NO"
      },
      {
        "cid": 1,
        "name": "name",
        "type": "VARCHAR(255)",
        "notnull": 1,
        "dflt_value": null,
        "pk": 0,
        "hidden": 0,
        "column_name": "name",
        "udt_name": "varchar",
        "is_nullable": "NO",
        "is_generated": "NO"
      }
    ]
  },
  {
    "schema": null,
    "table": "file_extraction",
    "constraints": [
      {
        "column_name": "id",
        "constraint_type": "PRIMARY KEY"
      },
      {
        "table_name": "file_extraction",
        "column_name": "file_id",
        "constraint_type": "FOREIGN KEY",
        "foreign_table_name": "file",
        "foreign_column_name": "id",
        "loweredTableWithSchemaName": "fileExtraction",
        "foreignEntityName": "file",
        "entityName": "fileExtraction"
      }
    ],
    "columns": [
      {
        "cid": 0,
        "name": "id",
        "type": "INTEGER",
        "notnull": 1,
        "dflt_value": null,
        "pk": 1,
        "hidden": 0,
        "column_name": "id",
        "udt_name": "integer",
        "is_nullable": "NO",
        "is_generated": "NO"
      },
      {
        "cid": 1,
        "name": "file_id",
        "type": "INTEGER",
        "notnull": 1,
        "dflt_value": null,
        "pk": 0,
        "hidden": 0,
        "column_name": "file_id",
        "udt_name": "integer",
        "is_nullable": "NO",
        "is_generated": "NO"
      },
      {
        "cid": 2,
        "name": "content",
        "type": "TEXT",
        "notnull": 1,
        "dflt_value": "\"\"",
        "pk": 0,
        "hidden": 0,
        "column_name": "content",
        "udt_name": "text",
        "is_nullable": "NO",
        "is_generated": "NO"
      }
    ]
  }
]